
Microsoft Visual Studio Solution File, Format Version 12.00
# Visual Studio Version 18
VisualStudioVersion = 18.2.11415.280
MinimumVisualStudioVersion = 10.0.40219.1
Project("{2150E333-8FDC-42A3-9474-1A3956D46DE8}") = "Core Framework", "Core Framework", "{1A2B3C4D-5E6F-7890-AB12-CD34EF567890}"
EndProject
Project("{2150E333-8FDC-42A3-9474-1A3956D46DE8}") = "Controls", "Controls", "{2B3C4D5E-6F78-90AB-12CD-34EF56789012}"
EndProject
Project("{2150E333-8FDC-42A3-9474-1A3956D46DE8}") = "Demos", "Demos", "{3C4D5E6F-7890-AB12-CD34-EF5678901234}"
EndProject
Project("{2150E333-8FDC-42A3-9474-1A3956D46DE8}") = "Tests", "Tests", "{4D5E6F78-90AB-12CD-34EF-567890123456}"
EndProject
Project("{FAE04EC0-301F-11D3-BF4B-00C04F79EFBC}") = "FrameworkInterfaces", "src\FrameworkInterfaces\FrameworkInterfaces.csproj", "{12E48302-6991-4257-9649-7EBE5025444F}"
EndProject
Project("{FAE04EC0-301F-11D3-BF4B-00C04F79EFBC}") = "FrameworkUI", "src\FrameworkUI\FrameworkUI.csproj", "{6E6C9D00-1F49-41F2-BE4C-BF23F509E06E}"
EndProject
Project("{FAE04EC0-301F-11D3-BF4B-00C04F79EFBC}") = "Themes", "src\Themes\Themes.csproj", "{A1B2C3D4-E5F6-7890-ABCD-EF1234567890}"
EndProject
Project("{FAE04EC0-301F-11D3-BF4B-00C04F79EFBC}") = "SoftwareUpdate", "src\SoftwareUpdate\SoftwareUpdate.csproj", "{B2C3D4E5-F6A7-8901-BCDE-F23456789012}"
EndProject
Project("{FAE04EC0-301F-11D3-BF4B-00C04F79EFBC}") = "SoftwareUpdate.Updater", "src\SoftwareUpdate.Updater\SoftwareUpdate.Updater.csproj", "{C3D4E5F6-A7B8-9012-CDEF-345678901234}"
EndProject
Project("{9A19103F-16F7-4668-BE54-9A1E7A4F7556}") = "GenericControls", "src\GenericControls\GenericControls.csproj", "{D4E5F6A7-B8C9-0123-DEF0-456789ABCDEF}"
EndProject
Project("{FAE04EC0-301F-11D3-BF4B-00C04F79EFBC}") = "NumericControls", "src\NumericControls\NumericControls.csproj", "{076B29CF-41EC-45D1-A242-DACF6753FCCC}"
EndProject
Project("{FAE04EC0-301F-11D3-BF4B-00C04F79EFBC}") = "OxyPlotControls", "src\OxyPlotControls\OxyPlotControls.csproj", "{9546517F-92D0-FF56-3E5B-97099F8B46A3}"
EndProject
Project("{FAE04EC0-301F-11D3-BF4B-00C04F79EFBC}") = "Xceed.Wpf.AvalonDock", "src\AvalonDock\Xceed.Wpf.AvalonDock\Xceed.Wpf.AvalonDock.csproj", "{8BB24B23-B834-E1DF-3CB4-C6E497C199A2}"
EndProject
Project("{FAE04EC0-301F-11D3-BF4B-00C04F79EFBC}") = "Xceed.Wpf.AvalonDock.Themes.VS2013", "src\AvalonDock\Xceed.Wpf.AvalonDock.Themes.VS2013\Xceed.Wpf.AvalonDock.Themes.VS2013.csproj", "{6E53C842-1487-48BA-DA55-E26E8A04FBD1}"
EndProject
Project("{FAE04EC0-301F-11D3-BF4B-00C04F79EFBC}") = "FrameworkUI.Demo", "src\FrameworkUI.Demo\FrameworkUI.Demo.csproj", "{4EC33CA3-51EA-2490-ABAC-FC047924346A}"
EndProject
Project("{FAE04EC0-301F-11D3-BF4B-00C04F79EFBC}") = "GenericControls.Demo", "src\GenericControls.Demo\GenericControls.Demo.csproj", "{65AC57AC-E65A-94EE-9E3E-E4916798798A}"
EndProject
Project("{FAE04EC0-301F-11D3-BF4B-00C04F79EFBC}") = "NumericControls.Demo", "src\NumericControls.Demo\NumericControls.Demo.csproj", "{5414DDD0-A423-2405-AB2A-739BAA0FAF68}"
EndProject
Project("{FAE04EC0-301F-11D3-BF4B-00C04F79EFBC}") = "OxyPlotControls.Demo", "src\OxyPlotControls.Demo\OxyPlotControls.Demo.csproj", "{1BC0C4C8-6550-7A4C-B64B-FBE8D37E5CDD}"
EndProject
Project("{FAE04EC0-301F-11D3-BF4B-00C04F79EFBC}") = "ExpressionParserControls", "src\ExpressionParserControls\ExpressionParserControls.csproj", "{F445A252-E53E-3CB1-1FD9-4215FF282CF2}"
EndProject
Project("{FAE04EC0-301F-11D3-BF4B-00C04F79EFBC}") = "ExpressionParserControls.Demo", "src\ExpressionParserControls.Demo\ExpressionParserControls.Demo.csproj", "{E0212538-7B84-9078-9FC7-917F0F04F046}"
EndProject
Project("{FAE04EC0-301F-11D3-BF4B-00C04F79EFBC}") = "DatabaseControls", "src\DatabaseControls\DatabaseControls.csproj", "{23F824BD-2859-D71B-12CD-D29A80E5B830}"
EndProject
Project("{2150E333-8FDC-42A3-9474-1A3956D46DE8}") = "Models", "Models", "{02EA681E-C7D8-13C7-8484-4AC65E1B71E8}"
EndProject
Project("{FAE04EC0-301F-11D3-BF4B-00C04F79EFBC}") = "DatabaseManager", "src\DatabaseManager\DatabaseManager.csproj", "{C4512316-AB53-A08C-F7AE-23627E1FF767}"
EndProject
Project("{FAE04EC0-301F-11D3-BF4B-00C04F79EFBC}") = "DatabaseManager.Tests", "src\DatabaseManager.Tests\DatabaseManager.Tests.csproj", "{56719626-081D-B90D-E73D-FAEA8696A1F4}"
EndProject
Project("{FAE04EC0-301F-11D3-BF4B-00C04F79EFBC}") = "ExpressionParser", "src\ExpressionParser\ExpressionParser.csproj", "{5934D5D6-CD8E-EC2D-94B4-56C40C836001}"
EndProject
Project("{FAE04EC0-301F-11D3-BF4B-00C04F79EFBC}") = "ExpressionParser.Tests", "src\ExpressionParser.Tests\ExpressionParser.Tests.csproj", "{DDAFD6AB-A3CA-7265-5891-DA22C27707A0}"
EndProject
Project("{FAE04EC0-301F-11D3-BF4B-00C04F79EFBC}") = "GenericControls.Tests", "tests\GenericControls.Tests\GenericControls.Tests.csproj", "{A1234567-1234-5678-9ABC-DEF012345678}"
EndProject
Project("{FAE04EC0-301F-11D3-BF4B-00C04F79EFBC}") = "NumericControls.Tests", "tests\NumericControls.Tests\NumericControls.Tests.csproj", "{B2345678-2345-6789-ABCD-EF0123456789}"
EndProject
Project("{FAE04EC0-301F-11D3-BF4B-00C04F79EFBC}") = "OxyPlotControls.Tests", "tests\OxyPlotControls.Tests\OxyPlotControls.Tests.csproj", "{C3456789-3456-789A-BCDE-F01234567890}"
EndProject
Project("{FAE04EC0-301F-11D3-BF4B-00C04F79EFBC}") = "FrameworkInterfaces.Tests", "tests\FrameworkInterfaces.Tests\FrameworkInterfaces.Tests.csproj", "{D4567890-4567-890A-BCDE-F01234567891}"
EndProject
Project("{FAE04EC0-301F-11D3-BF4B-00C04F79EFBC}") = "SoftwareUpdate.Tests", "tests\SoftwareUpdate.Tests\SoftwareUpdate.Tests.csproj", "{E5678901-5678-901A-BCDE-F01234567892}"
EndProject
Project("{FAE04EC0-301F-11D3-BF4B-00C04F79EFBC}") = "SoftwareUpdate.Updater.Tests", "tests\SoftwareUpdate.Updater.Tests\SoftwareUpdate.Updater.Tests.csproj", "{F6789012-6789-012A-BCDE-F01234567893}"
EndProject
Project("{FAE04EC0-301F-11D3-BF4B-00C04F79EFBC}") = "Themes.Tests", "tests\Themes.Tests\Themes.Tests.csproj", "{07890123-7890-123A-BCDE-F01234567894}"
EndProject
Project("{FAE04EC0-301F-11D3-BF4B-00C04F79EFBC}") = "DatabaseControls.Demo", "src\DatabaseControls.Demo\DatabaseControls.Demo.csproj", "{B82F5924-979E-7007-2CC4-FFB60720A5A0}"
EndProject
Project("{FAE04EC0-301F-11D3-BF4B-00C04F79EFBC}") = "OxyPlot", "src\OxyPlot\OxyPlot\OxyPlot.csproj", "{3872287A-FC09-419F-8F94-E752AA063C33}"
EndProject
Project("{FAE04EC0-301F-11D3-BF4B-00C04F79EFBC}") = "OxyPlot.Wpf", "src\OxyPlot\OxyPlot.Wpf\OxyPlot.Wpf.csproj", "{E57F6FFF-C93C-43D8-A49D-D0998BC5F384}"
EndProject
Project("{FAE04EC0-301F-11D3-BF4B-00C04F79EFBC}") = "OxyPlot.Wpf.Shared", "src\OxyPlot\OxyPlot.Wpf.Shared\OxyPlot.Wpf.Shared.csproj", "{196FFC50-A444-441D-B9E9-3AB05A22BC6A}"
EndProject
Project("{FAE04EC0-301F-11D3-BF4B-00C04F79EFBC}") = "ExampleLibrary", "tests\ExampleLibrary\ExampleLibrary.csproj", "{C8446872-37E4-444E-89D4-660AD73D657B}"
EndProject
Project("{FAE04EC0-301F-11D3-BF4B-00C04F79EFBC}") = "OxyPlot.Tests", "tests\OxyPlot.Tests\OxyPlot.Tests.csproj", "{F5C47040-36DC-4170-81FA-2D9F363EA9C0}"
EndProject
Project("{FAE04EC0-301F-11D3-BF4B-00C04F79EFBC}") = "OxyPlot.Wpf.Tests", "tests\OxyPlot.Wpf.Tests\OxyPlot.Wpf.Tests.csproj", "{1391A32E-F496-40E3-8E93-1825F001B358}"
EndProject
Project("{FAE04EC0-301F-11D3-BF4B-00C04F79EFBC}") = "DAG", "src\DAG\DAG.csproj", "{9D5CD1F3-5D17-44F1-B097-88BF9F48D896}"
EndProject
Project("{FAE04EC0-301F-11D3-BF4B-00C04F79EFBC}") = "DAGControls", "src\DAGControls\DAGControls.csproj", "{B647E1EA-AA43-419A-AFF1-606D8D0308AB}"
EndProject
Project("{FAE04EC0-301F-11D3-BF4B-00C04F79EFBC}") = "DAG.Demo", "src\DAG.Demo\DAG.Demo.csproj", "{A7C3BE0A-ED0B-465A-9ED2-99FBDB791A44}"
EndProject
Project("{FAE04EC0-301F-11D3-BF4B-00C04F79EFBC}") = "DAG.Tests", "tests\DAG.Tests\DAG.Tests.csproj", "{3ECEE969-A703-44C7-A084-AA685991A454}"
EndProject
Global
	GlobalSection(SolutionConfigurationPlatforms) = preSolution
		Debug|Any CPU = Debug|Any CPU
		Debug|x64 = Debug|x64
		Debug|x86 = Debug|x86
		Release|Any CPU = Release|Any CPU
		Release|x64 = Release|x64
		Release|x86 = Release|x86
	EndGlobalSection
	GlobalSection(ProjectConfigurationPlatforms) = postSolution
		{12E48302-6991-4257-9649-7EBE5025444F}.Debug|Any CPU.ActiveCfg = Debug|Any CPU
		{12E48302-6991-4257-9649-7EBE5025444F}.Debug|Any CPU.Build.0 = Debug|Any CPU
		{12E48302-6991-4257-9649-7EBE5025444F}.Debug|x64.ActiveCfg = Debug|x64
		{12E48302-6991-4257-9649-7EBE5025444F}.Debug|x64.Build.0 = Debug|x64
		{12E48302-6991-4257-9649-7EBE5025444F}.Debug|x86.ActiveCfg = Debug|Any CPU
		{12E48302-6991-4257-9649-7EBE5025444F}.Debug|x86.Build.0 = Debug|Any CPU
		{12E48302-6991-4257-9649-7EBE5025444F}.Release|Any CPU.ActiveCfg = Release|Any CPU
		{12E48302-6991-4257-9649-7EBE5025444F}.Release|Any CPU.Build.0 = Release|Any CPU
		{12E48302-6991-4257-9649-7EBE5025444F}.Release|x64.ActiveCfg = Release|x64
		{12E48302-6991-4257-9649-7EBE5025444F}.Release|x64.Build.0 = Release|x64
		{12E48302-6991-4257-9649-7EBE5025444F}.Release|x86.ActiveCfg = Release|Any CPU
		{12E48302-6991-4257-9649-7EBE5025444F}.Release|x86.Build.0 = Release|Any CPU
		{6E6C9D00-1F49-41F2-BE4C-BF23F509E06E}.Debug|Any CPU.ActiveCfg = Debug|Any CPU
		{6E6C9D00-1F49-41F2-BE4C-BF23F509E06E}.Debug|Any CPU.Build.0 = Debug|Any CPU
		{6E6C9D00-1F49-41F2-BE4C-BF23F509E06E}.Debug|x64.ActiveCfg = Debug|Any CPU
		{6E6C9D00-1F49-41F2-BE4C-BF23F509E06E}.Debug|x64.Build.0 = Debug|Any CPU
		{6E6C9D00-1F49-41F2-BE4C-BF23F509E06E}.Debug|x86.ActiveCfg = Debug|Any CPU
		{6E6C9D00-1F49-41F2-BE4C-BF23F509E06E}.Debug|x86.Build.0 = Debug|Any CPU
		{6E6C9D00-1F49-41F2-BE4C-BF23F509E06E}.Release|Any CPU.ActiveCfg = Release|Any CPU
		{6E6C9D00-1F49-41F2-BE4C-BF23F509E06E}.Release|Any CPU.Build.0 = Release|Any CPU
		{6E6C9D00-1F49-41F2-BE4C-BF23F509E06E}.Release|x64.ActiveCfg = Release|Any CPU
		{6E6C9D00-1F49-41F2-BE4C-BF23F509E06E}.Release|x64.Build.0 = Release|Any CPU
		{6E6C9D00-1F49-41F2-BE4C-BF23F509E06E}.Release|x86.ActiveCfg = Release|Any CPU
		{6E6C9D00-1F49-41F2-BE4C-BF23F509E06E}.Release|x86.Build.0 = Release|Any CPU
		{A1B2C3D4-E5F6-7890-ABCD-EF1234567890}.Debug|Any CPU.ActiveCfg = Debug|Any CPU
		{A1B2C3D4-E5F6-7890-ABCD-EF1234567890}.Debug|Any CPU.Build.0 = Debug|Any CPU
		{A1B2C3D4-E5F6-7890-ABCD-EF1234567890}.Debug|x64.ActiveCfg = Debug|Any CPU
		{A1B2C3D4-E5F6-7890-ABCD-EF1234567890}.Debug|x64.Build.0 = Debug|Any CPU
		{A1B2C3D4-E5F6-7890-ABCD-EF1234567890}.Debug|x86.ActiveCfg = Debug|Any CPU
		{A1B2C3D4-E5F6-7890-ABCD-EF1234567890}.Debug|x86.Build.0 = Debug|Any CPU
		{A1B2C3D4-E5F6-7890-ABCD-EF1234567890}.Release|Any CPU.ActiveCfg = Release|Any CPU
		{A1B2C3D4-E5F6-7890-ABCD-EF1234567890}.Release|Any CPU.Build.0 = Release|Any CPU
		{A1B2C3D4-E5F6-7890-ABCD-EF1234567890}.Release|x64.ActiveCfg = Release|Any CPU
		{A1B2C3D4-E5F6-7890-ABCD-EF1234567890}.Release|x64.Build.0 = Release|Any CPU
		{A1B2C3D4-E5F6-7890-ABCD-EF1234567890}.Release|x86.ActiveCfg = Release|Any CPU
		{A1B2C3D4-E5F6-7890-ABCD-EF1234567890}.Release|x86.Build.0 = Release|Any CPU
		{B2C3D4E5-F6A7-8901-BCDE-F23456789012}.Debug|Any CPU.ActiveCfg = Debug|Any CPU
		{B2C3D4E5-F6A7-8901-BCDE-F23456789012}.Debug|Any CPU.Build.0 = Debug|Any CPU
		{B2C3D4E5-F6A7-8901-BCDE-F23456789012}.Debug|x64.ActiveCfg = Debug|Any CPU
		{B2C3D4E5-F6A7-8901-BCDE-F23456789012}.Debug|x64.Build.0 = Debug|Any CPU
		{B2C3D4E5-F6A7-8901-BCDE-F23456789012}.Debug|x86.ActiveCfg = Debug|Any CPU
		{B2C3D4E5-F6A7-8901-BCDE-F23456789012}.Debug|x86.Build.0 = Debug|Any CPU
		{B2C3D4E5-F6A7-8901-BCDE-F23456789012}.Release|Any CPU.ActiveCfg = Release|Any CPU
		{B2C3D4E5-F6A7-8901-BCDE-F23456789012}.Release|Any CPU.Build.0 = Release|Any CPU
		{B2C3D4E5-F6A7-8901-BCDE-F23456789012}.Release|x64.ActiveCfg = Release|Any CPU
		{B2C3D4E5-F6A7-8901-BCDE-F23456789012}.Release|x64.Build.0 = Release|Any CPU
		{B2C3D4E5-F6A7-8901-BCDE-F23456789012}.Release|x86.ActiveCfg = Release|Any CPU
		{B2C3D4E5-F6A7-8901-BCDE-F23456789012}.Release|x86.Build.0 = Release|Any CPU
		{C3D4E5F6-A7B8-9012-CDEF-345678901234}.Debug|Any CPU.ActiveCfg = Debug|Any CPU
		{C3D4E5F6-A7B8-9012-CDEF-345678901234}.Debug|Any CPU.Build.0 = Debug|Any CPU
		{C3D4E5F6-A7B8-9012-CDEF-345678901234}.Debug|x64.ActiveCfg = Debug|Any CPU
		{C3D4E5F6-A7B8-9012-CDEF-345678901234}.Debug|x64.Build.0 = Debug|Any CPU
		{C3D4E5F6-A7B8-9012-CDEF-345678901234}.Debug|x86.ActiveCfg = Debug|Any CPU
		{C3D4E5F6-A7B8-9012-CDEF-345678901234}.Debug|x86.Build.0 = Debug|Any CPU
		{C3D4E5F6-A7B8-9012-CDEF-345678901234}.Release|Any CPU.ActiveCfg = Release|Any CPU
		{C3D4E5F6-A7B8-9012-CDEF-345678901234}.Release|Any CPU.Build.0 = Release|Any CPU
		{C3D4E5F6-A7B8-9012-CDEF-345678901234}.Release|x64.ActiveCfg = Release|Any CPU
		{C3D4E5F6-A7B8-9012-CDEF-345678901234}.Release|x64.Build.0 = Release|Any CPU
		{C3D4E5F6-A7B8-9012-CDEF-345678901234}.Release|x86.ActiveCfg = Release|Any CPU
		{C3D4E5F6-A7B8-9012-CDEF-345678901234}.Release|x86.Build.0 = Release|Any CPU
		{D4E5F6A7-B8C9-0123-DEF0-456789ABCDEF}.Debug|Any CPU.ActiveCfg = Debug|Any CPU
		{D4E5F6A7-B8C9-0123-DEF0-456789ABCDEF}.Debug|Any CPU.Build.0 = Debug|Any CPU
		{D4E5F6A7-B8C9-0123-DEF0-456789ABCDEF}.Debug|x64.ActiveCfg = Debug|Any CPU
		{D4E5F6A7-B8C9-0123-DEF0-456789ABCDEF}.Debug|x64.Build.0 = Debug|Any CPU
		{D4E5F6A7-B8C9-0123-DEF0-456789ABCDEF}.Debug|x86.ActiveCfg = Debug|Any CPU
		{D4E5F6A7-B8C9-0123-DEF0-456789ABCDEF}.Debug|x86.Build.0 = Debug|Any CPU
		{D4E5F6A7-B8C9-0123-DEF0-456789ABCDEF}.Release|Any CPU.ActiveCfg = Release|Any CPU
		{D4E5F6A7-B8C9-0123-DEF0-456789ABCDEF}.Release|Any CPU.Build.0 = Release|Any CPU
		{D4E5F6A7-B8C9-0123-DEF0-456789ABCDEF}.Release|x64.ActiveCfg = Release|Any CPU
		{D4E5F6A7-B8C9-0123-DEF0-456789ABCDEF}.Release|x64.Build.0 = Release|Any CPU
		{D4E5F6A7-B8C9-0123-DEF0-456789ABCDEF}.Release|x86.ActiveCfg = Release|Any CPU
		{D4E5F6A7-B8C9-0123-DEF0-456789ABCDEF}.Release|x86.Build.0 = Release|Any CPU
		{076B29CF-41EC-45D1-A242-DACF6753FCCC}.Debug|Any CPU.ActiveCfg = Debug|Any CPU
		{076B29CF-41EC-45D1-A242-DACF6753FCCC}.Debug|Any CPU.Build.0 = Debug|Any CPU
		{076B29CF-41EC-45D1-A242-DACF6753FCCC}.Debug|x64.ActiveCfg = Debug|x64
		{076B29CF-41EC-45D1-A242-DACF6753FCCC}.Debug|x64.Build.0 = Debug|x64
		{076B29CF-41EC-45D1-A242-DACF6753FCCC}.Debug|x86.ActiveCfg = Debug|Any CPU
		{076B29CF-41EC-45D1-A242-DACF6753FCCC}.Debug|x86.Build.0 = Debug|Any CPU
		{076B29CF-41EC-45D1-A242-DACF6753FCCC}.Release|Any CPU.ActiveCfg = Release|Any CPU
		{076B29CF-41EC-45D1-A242-DACF6753FCCC}.Release|Any CPU.Build.0 = Release|Any CPU
		{076B29CF-41EC-45D1-A242-DACF6753FCCC}.Release|x64.ActiveCfg = Release|x64
		{076B29CF-41EC-45D1-A242-DACF6753FCCC}.Release|x64.Build.0 = Release|x64
		{076B29CF-41EC-45D1-A242-DACF6753FCCC}.Release|x86.ActiveCfg = Release|Any CPU
		{076B29CF-41EC-45D1-A242-DACF6753FCCC}.Release|x86.Build.0 = Release|Any CPU
		{9546517F-92D0-FF56-3E5B-97099F8B46A3}.Debug|Any CPU.ActiveCfg = Debug|Any CPU
		{9546517F-92D0-FF56-3E5B-97099F8B46A3}.Debug|Any CPU.Build.0 = Debug|Any CPU
		{9546517F-92D0-FF56-3E5B-97099F8B46A3}.Debug|x64.ActiveCfg = Debug|Any CPU
		{9546517F-92D0-FF56-3E5B-97099F8B46A3}.Debug|x64.Build.0 = Debug|Any CPU
		{9546517F-92D0-FF56-3E5B-97099F8B46A3}.Debug|x86.ActiveCfg = Debug|Any CPU
		{9546517F-92D0-FF56-3E5B-97099F8B46A3}.Debug|x86.Build.0 = Debug|Any CPU
		{9546517F-92D0-FF56-3E5B-97099F8B46A3}.Release|Any CPU.ActiveCfg = Release|Any CPU
		{9546517F-92D0-FF56-3E5B-97099F8B46A3}.Release|Any CPU.Build.0 = Release|Any CPU
		{9546517F-92D0-FF56-3E5B-97099F8B46A3}.Release|x64.ActiveCfg = Release|Any CPU
		{9546517F-92D0-FF56-3E5B-97099F8B46A3}.Release|x64.Build.0 = Release|Any CPU
		{9546517F-92D0-FF56-3E5B-97099F8B46A3}.Release|x86.ActiveCfg = Release|Any CPU
		{9546517F-92D0-FF56-3E5B-97099F8B46A3}.Release|x86.Build.0 = Release|Any CPU
		{8BB24B23-B834-E1DF-3CB4-C6E497C199A2}.Debug|Any CPU.ActiveCfg = Debug|Any CPU
		{8BB24B23-B834-E1DF-3CB4-C6E497C199A2}.Debug|Any CPU.Build.0 = Debug|Any CPU
		{8BB24B23-B834-E1DF-3CB4-C6E497C199A2}.Debug|x64.ActiveCfg = Debug|Any CPU
		{8BB24B23-B834-E1DF-3CB4-C6E497C199A2}.Debug|x64.Build.0 = Debug|Any CPU
		{8BB24B23-B834-E1DF-3CB4-C6E497C199A2}.Debug|x86.ActiveCfg = Debug|Any CPU
		{8BB24B23-B834-E1DF-3CB4-C6E497C199A2}.Debug|x86.Build.0 = Debug|Any CPU
		{8BB24B23-B834-E1DF-3CB4-C6E497C199A2}.Release|Any CPU.ActiveCfg = Release|Any CPU
		{8BB24B23-B834-E1DF-3CB4-C6E497C199A2}.Release|Any CPU.Build.0 = Release|Any CPU
		{8BB24B23-B834-E1DF-3CB4-C6E497C199A2}.Release|x64.ActiveCfg = Release|Any CPU
		{8BB24B23-B834-E1DF-3CB4-C6E497C199A2}.Release|x64.Build.0 = Release|Any CPU
		{8BB24B23-B834-E1DF-3CB4-C6E497C199A2}.Release|x86.ActiveCfg = Release|Any CPU
		{8BB24B23-B834-E1DF-3CB4-C6E497C199A2}.Release|x86.Build.0 = Release|Any CPU
		{6E53C842-1487-48BA-DA55-E26E8A04FBD1}.Debug|Any CPU.ActiveCfg = Debug|Any CPU
		{6E53C842-1487-48BA-DA55-E26E8A04FBD1}.Debug|Any CPU.Build.0 = Debug|Any CPU
		{6E53C842-1487-48BA-DA55-E26E8A04FBD1}.Debug|x64.ActiveCfg = Debug|Any CPU
		{6E53C842-1487-48BA-DA55-E26E8A04FBD1}.Debug|x64.Build.0 = Debug|Any CPU
		{6E53C842-1487-48BA-DA55-E26E8A04FBD1}.Debug|x86.ActiveCfg = Debug|Any CPU
		{6E53C842-1487-48BA-DA55-E26E8A04FBD1}.Debug|x86.Build.0 = Debug|Any CPU
		{6E53C842-1487-48BA-DA55-E26E8A04FBD1}.Release|Any CPU.ActiveCfg = Release|Any CPU
		{6E53C842-1487-48BA-DA55-E26E8A04FBD1}.Release|Any CPU.Build.0 = Release|Any CPU
		{6E53C842-1487-48BA-DA55-E26E8A04FBD1}.Release|x64.ActiveCfg = Release|Any CPU
		{6E53C842-1487-48BA-DA55-E26E8A04FBD1}.Release|x64.Build.0 = Release|Any CPU
		{6E53C842-1487-48BA-DA55-E26E8A04FBD1}.Release|x86.ActiveCfg = Release|Any CPU
		{6E53C842-1487-48BA-DA55-E26E8A04FBD1}.Release|x86.Build.0 = Release|Any CPU
		{4EC33CA3-51EA-2490-ABAC-FC047924346A}.Debug|Any CPU.ActiveCfg = Debug|Any CPU
		{4EC33CA3-51EA-2490-ABAC-FC047924346A}.Debug|Any CPU.Build.0 = Debug|Any CPU
		{4EC33CA3-51EA-2490-ABAC-FC047924346A}.Debug|x64.ActiveCfg = Debug|Any CPU
		{4EC33CA3-51EA-2490-ABAC-FC047924346A}.Debug|x64.Build.0 = Debug|Any CPU
		{4EC33CA3-51EA-2490-ABAC-FC047924346A}.Debug|x86.ActiveCfg = Debug|Any CPU
		{4EC33CA3-51EA-2490-ABAC-FC047924346A}.Debug|x86.Build.0 = Debug|Any CPU
		{4EC33CA3-51EA-2490-ABAC-FC047924346A}.Release|Any CPU.ActiveCfg = Release|Any CPU
		{4EC33CA3-51EA-2490-ABAC-FC047924346A}.Release|Any CPU.Build.0 = Release|Any CPU
		{4EC33CA3-51EA-2490-ABAC-FC047924346A}.Release|x64.ActiveCfg = Release|Any CPU
		{4EC33CA3-51EA-2490-ABAC-FC047924346A}.Release|x64.Build.0 = Release|Any CPU
		{4EC33CA3-51EA-2490-ABAC-FC047924346A}.Release|x86.ActiveCfg = Release|Any CPU
		{4EC33CA3-51EA-2490-ABAC-FC047924346A}.Release|x86.Build.0 = Release|Any CPU
		{65AC57AC-E65A-94EE-9E3E-E4916798798A}.Debug|Any CPU.ActiveCfg = Debug|Any CPU
		{65AC57AC-E65A-94EE-9E3E-E4916798798A}.Debug|Any CPU.Build.0 = Debug|Any CPU
		{65AC57AC-E65A-94EE-9E3E-E4916798798A}.Debug|x64.ActiveCfg = Debug|Any CPU
		{65AC57AC-E65A-94EE-9E3E-E4916798798A}.Debug|x64.Build.0 = Debug|Any CPU
		{65AC57AC-E65A-94EE-9E3E-E4916798798A}.Debug|x86.ActiveCfg = Debug|Any CPU
		{65AC57AC-E65A-94EE-9E3E-E4916798798A}.Debug|x86.Build.0 = Debug|Any CPU
		{65AC57AC-E65A-94EE-9E3E-E4916798798A}.Release|Any CPU.ActiveCfg = Release|Any CPU
		{65AC57AC-E65A-94EE-9E3E-E4916798798A}.Release|Any CPU.Build.0 = Release|Any CPU
		{65AC57AC-E65A-94EE-9E3E-E4916798798A}.Release|x64.ActiveCfg = Release|Any CPU
		{65AC57AC-E65A-94EE-9E3E-E4916798798A}.Release|x64.Build.0 = Release|Any CPU
		{65AC57AC-E65A-94EE-9E3E-E4916798798A}.Release|x86.ActiveCfg = Release|Any CPU
		{65AC57AC-E65A-94EE-9E3E-E4916798798A}.Release|x86.Build.0 = Release|Any CPU
		{5414DDD0-A423-2405-AB2A-739BAA0FAF68}.Debug|Any CPU.ActiveCfg = Debug|Any CPU
		{5414DDD0-A423-2405-AB2A-739BAA0FAF68}.Debug|Any CPU.Build.0 = Debug|Any CPU
		{5414DDD0-A423-2405-AB2A-739BAA0FAF68}.Debug|x64.ActiveCfg = Debug|Any CPU
		{5414DDD0-A423-2405-AB2A-739BAA0FAF68}.Debug|x64.Build.0 = Debug|Any CPU
		{5414DDD0-A423-2405-AB2A-739BAA0FAF68}.Debug|x86.ActiveCfg = Debug|Any CPU
		{5414DDD0-A423-2405-AB2A-739BAA0FAF68}.Debug|x86.Build.0 = Debug|Any CPU
		{5414DDD0-A423-2405-AB2A-739BAA0FAF68}.Release|Any CPU.ActiveCfg = Release|Any CPU
		{5414DDD0-A423-2405-AB2A-739BAA0FAF68}.Release|Any CPU.Build.0 = Release|Any CPU
		{5414DDD0-A423-2405-AB2A-739BAA0FAF68}.Release|x64.ActiveCfg = Release|Any CPU
		{5414DDD0-A423-2405-AB2A-739BAA0FAF68}.Release|x64.Build.0 = Release|Any CPU
		{5414DDD0-A423-2405-AB2A-739BAA0FAF68}.Release|x86.ActiveCfg = Release|Any CPU
		{5414DDD0-A423-2405-AB2A-739BAA0FAF68}.Release|x86.Build.0 = Release|Any CPU
		{1BC0C4C8-6550-7A4C-B64B-FBE8D37E5CDD}.Debug|Any CPU.ActiveCfg = Debug|Any CPU
		{1BC0C4C8-6550-7A4C-B64B-FBE8D37E5CDD}.Debug|Any CPU.Build.0 = Debug|Any CPU
		{1BC0C4C8-6550-7A4C-B64B-FBE8D37E5CDD}.Debug|x64.ActiveCfg = Debug|Any CPU
		{1BC0C4C8-6550-7A4C-B64B-FBE8D37E5CDD}.Debug|x64.Build.0 = Debug|Any CPU
		{1BC0C4C8-6550-7A4C-B64B-FBE8D37E5CDD}.Debug|x86.ActiveCfg = Debug|Any CPU
		{1BC0C4C8-6550-7A4C-B64B-FBE8D37E5CDD}.Debug|x86.Build.0 = Debug|Any CPU
		{1BC0C4C8-6550-7A4C-B64B-FBE8D37E5CDD}.Release|Any CPU.ActiveCfg = Release|Any CPU
		{1BC0C4C8-6550-7A4C-B64B-FBE8D37E5CDD}.Release|Any CPU.Build.0 = Release|Any CPU
		{1BC0C4C8-6550-7A4C-B64B-FBE8D37E5CDD}.Release|x64.ActiveCfg = Release|Any CPU
		{1BC0C4C8-6550-7A4C-B64B-FBE8D37E5CDD}.Release|x64.Build.0 = Release|Any CPU
		{1BC0C4C8-6550-7A4C-B64B-FBE8D37E5CDD}.Release|x86.ActiveCfg = Release|Any CPU
		{1BC0C4C8-6550-7A4C-B64B-FBE8D37E5CDD}.Release|x86.Build.0 = Release|Any CPU
		{F445A252-E53E-3CB1-1FD9-4215FF282CF2}.Debug|Any CPU.ActiveCfg = Debug|Any CPU
		{F445A252-E53E-3CB1-1FD9-4215FF282CF2}.Debug|Any CPU.Build.0 = Debug|Any CPU
		{F445A252-E53E-3CB1-1FD9-4215FF282CF2}.Debug|x64.ActiveCfg = Debug|Any CPU
		{F445A252-E53E-3CB1-1FD9-4215FF282CF2}.Debug|x64.Build.0 = Debug|Any CPU
		{F445A252-E53E-3CB1-1FD9-4215FF282CF2}.Debug|x86.ActiveCfg = Debug|Any CPU
		{F445A252-E53E-3CB1-1FD9-4215FF282CF2}.Debug|x86.Build.0 = Debug|Any CPU
		{F445A252-E53E-3CB1-1FD9-4215FF282CF2}.Release|Any CPU.ActiveCfg = Release|Any CPU
		{F445A252-E53E-3CB1-1FD9-4215FF282CF2}.Release|Any CPU.Build.0 = Release|Any CPU
		{F445A252-E53E-3CB1-1FD9-4215FF282CF2}.Release|x64.ActiveCfg = Release|Any CPU
		{F445A252-E53E-3CB1-1FD9-4215FF282CF2}.Release|x64.Build.0 = Release|Any CPU
		{F445A252-E53E-3CB1-1FD9-4215FF282CF2}.Release|x86.ActiveCfg = Release|Any CPU
		{F445A252-E53E-3CB1-1FD9-4215FF282CF2}.Release|x86.Build.0 = Release|Any CPU
		{E0212538-7B84-9078-9FC7-917F0F04F046}.Debug|Any CPU.ActiveCfg = Debug|Any CPU
		{E0212538-7B84-9078-9FC7-917F0F04F046}.Debug|Any CPU.Build.0 = Debug|Any CPU
		{E0212538-7B84-9078-9FC7-917F0F04F046}.Debug|x64.ActiveCfg = Debug|Any CPU
		{E0212538-7B84-9078-9FC7-917F0F04F046}.Debug|x64.Build.0 = Debug|Any CPU
		{E0212538-7B84-9078-9FC7-917F0F04F046}.Debug|x86.ActiveCfg = Debug|Any CPU
		{E0212538-7B84-9078-9FC7-917F0F04F046}.Debug|x86.Build.0 = Debug|Any CPU
		{E0212538-7B84-9078-9FC7-917F0F04F046}.Release|Any CPU.ActiveCfg = Release|Any CPU
		{E0212538-7B84-9078-9FC7-917F0F04F046}.Release|Any CPU.Build.0 = Release|Any CPU
		{E0212538-7B84-9078-9FC7-917F0F04F046}.Release|x64.ActiveCfg = Release|Any CPU
		{E0212538-7B84-9078-9FC7-917F0F04F046}.Release|x64.Build.0 = Release|Any CPU
		{E0212538-7B84-9078-9FC7-917F0F04F046}.Release|x86.ActiveCfg = Release|Any CPU
		{E0212538-7B84-9078-9FC7-917F0F04F046}.Release|x86.Build.0 = Release|Any CPU
		{23F824BD-2859-D71B-12CD-D29A80E5B830}.Debug|Any CPU.ActiveCfg = Debug|Any CPU
		{23F824BD-2859-D71B-12CD-D29A80E5B830}.Debug|Any CPU.Build.0 = Debug|Any CPU
		{23F824BD-2859-D71B-12CD-D29A80E5B830}.Debug|x64.ActiveCfg = Debug|Any CPU
		{23F824BD-2859-D71B-12CD-D29A80E5B830}.Debug|x64.Build.0 = Debug|Any CPU
		{23F824BD-2859-D71B-12CD-D29A80E5B830}.Debug|x86.ActiveCfg = Debug|Any CPU
		{23F824BD-2859-D71B-12CD-D29A80E5B830}.Debug|x86.Build.0 = Debug|Any CPU
		{23F824BD-2859-D71B-12CD-D29A80E5B830}.Release|Any CPU.ActiveCfg = Release|Any CPU
		{23F824BD-2859-D71B-12CD-D29A80E5B830}.Release|Any CPU.Build.0 = Release|Any CPU
		{23F824BD-2859-D71B-12CD-D29A80E5B830}.Release|x64.ActiveCfg = Release|Any CPU
		{23F824BD-2859-D71B-12CD-D29A80E5B830}.Release|x64.Build.0 = Release|Any CPU
		{23F824BD-2859-D71B-12CD-D29A80E5B830}.Release|x86.ActiveCfg = Release|Any CPU
		{23F824BD-2859-D71B-12CD-D29A80E5B830}.Release|x86.Build.0 = Release|Any CPU
		{C4512316-AB53-A08C-F7AE-23627E1FF767}.Debug|Any CPU.ActiveCfg = Debug|Any CPU
		{C4512316-AB53-A08C-F7AE-23627E1FF767}.Debug|Any CPU.Build.0 = Debug|Any CPU
		{C4512316-AB53-A08C-F7AE-23627E1FF767}.Debug|x64.ActiveCfg = Debug|Any CPU
		{C4512316-AB53-A08C-F7AE-23627E1FF767}.Debug|x64.Build.0 = Debug|Any CPU
		{C4512316-AB53-A08C-F7AE-23627E1FF767}.Debug|x86.ActiveCfg = Debug|Any CPU
		{C4512316-AB53-A08C-F7AE-23627E1FF767}.Debug|x86.Build.0 = Debug|Any CPU
		{C4512316-AB53-A08C-F7AE-23627E1FF767}.Release|Any CPU.ActiveCfg = Release|Any CPU
		{C4512316-AB53-A08C-F7AE-23627E1FF767}.Release|Any CPU.Build.0 = Release|Any CPU
		{C4512316-AB53-A08C-F7AE-23627E1FF767}.Release|x64.ActiveCfg = Release|Any CPU
		{C4512316-AB53-A08C-F7AE-23627E1FF767}.Release|x64.Build.0 = Release|Any CPU
		{C4512316-AB53-A08C-F7AE-23627E1FF767}.Release|x86.ActiveCfg = Release|Any CPU
		{C4512316-AB53-A08C-F7AE-23627E1FF767}.Release|x86.Build.0 = Release|Any CPU
		{56719626-081D-B90D-E73D-FAEA8696A1F4}.Debug|Any CPU.ActiveCfg = Debug|Any CPU
		{56719626-081D-B90D-E73D-FAEA8696A1F4}.Debug|Any CPU.Build.0 = Debug|Any CPU
		{56719626-081D-B90D-E73D-FAEA8696A1F4}.Debug|x64.ActiveCfg = Debug|Any CPU
		{56719626-081D-B90D-E73D-FAEA8696A1F4}.Debug|x64.Build.0 = Debug|Any CPU
		{56719626-081D-B90D-E73D-FAEA8696A1F4}.Debug|x86.ActiveCfg = Debug|Any CPU
		{56719626-081D-B90D-E73D-FAEA8696A1F4}.Debug|x86.Build.0 = Debug|Any CPU
		{56719626-081D-B90D-E73D-FAEA8696A1F4}.Release|Any CPU.ActiveCfg = Release|Any CPU
		{56719626-081D-B90D-E73D-FAEA8696A1F4}.Release|Any CPU.Build.0 = Release|Any CPU
		{56719626-081D-B90D-E73D-FAEA8696A1F4}.Release|x64.ActiveCfg = Release|Any CPU
		{56719626-081D-B90D-E73D-FAEA8696A1F4}.Release|x64.Build.0 = Release|Any CPU
		{56719626-081D-B90D-E73D-FAEA8696A1F4}.Release|x86.ActiveCfg = Release|Any CPU
		{56719626-081D-B90D-E73D-FAEA8696A1F4}.Release|x86.Build.0 = Release|Any CPU
		{5934D5D6-CD8E-EC2D-94B4-56C40C836001}.Debug|Any CPU.ActiveCfg = Debug|Any CPU
		{5934D5D6-CD8E-EC2D-94B4-56C40C836001}.Debug|Any CPU.Build.0 = Debug|Any CPU
		{5934D5D6-CD8E-EC2D-94B4-56C40C836001}.Debug|x64.ActiveCfg = Debug|Any CPU
		{5934D5D6-CD8E-EC2D-94B4-56C40C836001}.Debug|x64.Build.0 = Debug|Any CPU
		{5934D5D6-CD8E-EC2D-94B4-56C40C836001}.Debug|x86.ActiveCfg = Debug|Any CPU
		{5934D5D6-CD8E-EC2D-94B4-56C40C836001}.Debug|x86.Build.0 = Debug|Any CPU
		{5934D5D6-CD8E-EC2D-94B4-56C40C836001}.Release|Any CPU.ActiveCfg = Release|Any CPU
		{5934D5D6-CD8E-EC2D-94B4-56C40C836001}.Release|Any CPU.Build.0 = Release|Any CPU
		{5934D5D6-CD8E-EC2D-94B4-56C40C836001}.Release|x64.ActiveCfg = Release|Any CPU
		{5934D5D6-CD8E-EC2D-94B4-56C40C836001}.Release|x64.Build.0 = Release|Any CPU
		{5934D5D6-CD8E-EC2D-94B4-56C40C836001}.Release|x86.ActiveCfg = Release|Any CPU
		{5934D5D6-CD8E-EC2D-94B4-56C40C836001}.Release|x86.Build.0 = Release|Any CPU
		{DDAFD6AB-A3CA-7265-5891-DA22C27707A0}.Debug|Any CPU.ActiveCfg = Debug|Any CPU
		{DDAFD6AB-A3CA-7265-5891-DA22C27707A0}.Debug|Any CPU.Build.0 = Debug|Any CPU
		{DDAFD6AB-A3CA-7265-5891-DA22C27707A0}.Debug|x64.ActiveCfg = Debug|Any CPU
		{DDAFD6AB-A3CA-7265-5891-DA22C27707A0}.Debug|x64.Build.0 = Debug|Any CPU
		{DDAFD6AB-A3CA-7265-5891-DA22C27707A0}.Debug|x86.ActiveCfg = Debug|Any CPU
		{DDAFD6AB-A3CA-7265-5891-DA22C27707A0}.Debug|x86.Build.0 = Debug|Any CPU
		{DDAFD6AB-A3CA-7265-5891-DA22C27707A0}.Release|Any CPU.ActiveCfg = Release|Any CPU
		{DDAFD6AB-A3CA-7265-5891-DA22C27707A0}.Release|Any CPU.Build.0 = Release|Any CPU
		{DDAFD6AB-A3CA-7265-5891-DA22C27707A0}.Release|x64.ActiveCfg = Release|Any CPU
		{DDAFD6AB-A3CA-7265-5891-DA22C27707A0}.Release|x64.Build.0 = Release|Any CPU
		{DDAFD6AB-A3CA-7265-5891-DA22C27707A0}.Release|x86.ActiveCfg = Release|Any CPU
		{DDAFD6AB-A3CA-7265-5891-DA22C27707A0}.Release|x86.Build.0 = Release|Any CPU
		{A1234567-1234-5678-9ABC-DEF012345678}.Debug|Any CPU.ActiveCfg = Debug|Any CPU
		{A1234567-1234-5678-9ABC-DEF012345678}.Debug|Any CPU.Build.0 = Debug|Any CPU
		{A1234567-1234-5678-9ABC-DEF012345678}.Debug|x64.ActiveCfg = Debug|Any CPU
		{A1234567-1234-5678-9ABC-DEF012345678}.Debug|x64.Build.0 = Debug|Any CPU
		{A1234567-1234-5678-9ABC-DEF012345678}.Debug|x86.ActiveCfg = Debug|Any CPU
		{A1234567-1234-5678-9ABC-DEF012345678}.Debug|x86.Build.0 = Debug|Any CPU
		{A1234567-1234-5678-9ABC-DEF012345678}.Release|Any CPU.ActiveCfg = Release|Any CPU
		{A1234567-1234-5678-9ABC-DEF012345678}.Release|Any CPU.Build.0 = Release|Any CPU
		{A1234567-1234-5678-9ABC-DEF012345678}.Release|x64.ActiveCfg = Release|Any CPU
		{A1234567-1234-5678-9ABC-DEF012345678}.Release|x64.Build.0 = Release|Any CPU
		{A1234567-1234-5678-9ABC-DEF012345678}.Release|x86.ActiveCfg = Release|Any CPU
		{A1234567-1234-5678-9ABC-DEF012345678}.Release|x86.Build.0 = Release|Any CPU
		{B2345678-2345-6789-ABCD-EF0123456789}.Debug|Any CPU.ActiveCfg = Debug|Any CPU
		{B2345678-2345-6789-ABCD-EF0123456789}.Debug|Any CPU.Build.0 = Debug|Any CPU
		{B2345678-2345-6789-ABCD-EF0123456789}.Debug|x64.ActiveCfg = Debug|Any CPU
		{B2345678-2345-6789-ABCD-EF0123456789}.Debug|x64.Build.0 = Debug|Any CPU
		{B2345678-2345-6789-ABCD-EF0123456789}.Debug|x86.ActiveCfg = Debug|Any CPU
		{B2345678-2345-6789-ABCD-EF0123456789}.Debug|x86.Build.0 = Debug|Any CPU
		{B2345678-2345-6789-ABCD-EF0123456789}.Release|Any CPU.ActiveCfg = Release|Any CPU
		{B2345678-2345-6789-ABCD-EF0123456789}.Release|Any CPU.Build.0 = Release|Any CPU
		{B2345678-2345-6789-ABCD-EF0123456789}.Release|x64.ActiveCfg = Release|Any CPU
		{B2345678-2345-6789-ABCD-EF0123456789}.Release|x64.Build.0 = Release|Any CPU
		{B2345678-2345-6789-ABCD-EF0123456789}.Release|x86.ActiveCfg = Release|Any CPU
		{B2345678-2345-6789-ABCD-EF0123456789}.Release|x86.Build.0 = Release|Any CPU
		{C3456789-3456-789A-BCDE-F01234567890}.Debug|Any CPU.ActiveCfg = Debug|Any CPU
		{C3456789-3456-789A-BCDE-F01234567890}.Debug|Any CPU.Build.0 = Debug|Any CPU
		{C3456789-3456-789A-BCDE-F01234567890}.Debug|x64.ActiveCfg = Debug|Any CPU
		{C3456789-3456-789A-BCDE-F01234567890}.Debug|x64.Build.0 = Debug|Any CPU
		{C3456789-3456-789A-BCDE-F01234567890}.Debug|x86.ActiveCfg = Debug|Any CPU
		{C3456789-3456-789A-BCDE-F01234567890}.Debug|x86.Build.0 = Debug|Any CPU
		{C3456789-3456-789A-BCDE-F01234567890}.Release|Any CPU.ActiveCfg = Release|Any CPU
		{C3456789-3456-789A-BCDE-F01234567890}.Release|Any CPU.Build.0 = Release|Any CPU
		{C3456789-3456-789A-BCDE-F01234567890}.Release|x64.ActiveCfg = Release|Any CPU
		{C3456789-3456-789A-BCDE-F01234567890}.Release|x64.Build.0 = Release|Any CPU
		{C3456789-3456-789A-BCDE-F01234567890}.Release|x86.ActiveCfg = Release|Any CPU
		{C3456789-3456-789A-BCDE-F01234567890}.Release|x86.Build.0 = Release|Any CPU
		{D4567890-4567-890A-BCDE-F01234567891}.Debug|Any CPU.ActiveCfg = Debug|Any CPU
		{D4567890-4567-890A-BCDE-F01234567891}.Debug|Any CPU.Build.0 = Debug|Any CPU
		{D4567890-4567-890A-BCDE-F01234567891}.Debug|x64.ActiveCfg = Debug|Any CPU
		{D4567890-4567-890A-BCDE-F01234567891}.Debug|x64.Build.0 = Debug|Any CPU
		{D4567890-4567-890A-BCDE-F01234567891}.Debug|x86.ActiveCfg = Debug|Any CPU
		{D4567890-4567-890A-BCDE-F01234567891}.Debug|x86.Build.0 = Debug|Any CPU
		{D4567890-4567-890A-BCDE-F01234567891}.Release|Any CPU.ActiveCfg = Release|Any CPU
		{D4567890-4567-890A-BCDE-F01234567891}.Release|Any CPU.Build.0 = Release|Any CPU
		{D4567890-4567-890A-BCDE-F01234567891}.Release|x64.ActiveCfg = Release|Any CPU
		{D4567890-4567-890A-BCDE-F01234567891}.Release|x64.Build.0 = Release|Any CPU
		{D4567890-4567-890A-BCDE-F01234567891}.Release|x86.ActiveCfg = Release|Any CPU
		{D4567890-4567-890A-BCDE-F01234567891}.Release|x86.Build.0 = Release|Any CPU
		{E5678901-5678-901A-BCDE-F01234567892}.Debug|Any CPU.ActiveCfg = Debug|Any CPU
		{E5678901-5678-901A-BCDE-F01234567892}.Debug|Any CPU.Build.0 = Debug|Any CPU
		{E5678901-5678-901A-BCDE-F01234567892}.Debug|x64.ActiveCfg = Debug|Any CPU
		{E5678901-5678-901A-BCDE-F01234567892}.Debug|x64.Build.0 = Debug|Any CPU
		{E5678901-5678-901A-BCDE-F01234567892}.Debug|x86.ActiveCfg = Debug|Any CPU
		{E5678901-5678-901A-BCDE-F01234567892}.Debug|x86.Build.0 = Debug|Any CPU
		{E5678901-5678-901A-BCDE-F01234567892}.Release|Any CPU.ActiveCfg = Release|Any CPU
		{E5678901-5678-901A-BCDE-F01234567892}.Release|Any CPU.Build.0 = Release|Any CPU
		{E5678901-5678-901A-BCDE-F01234567892}.Release|x64.ActiveCfg = Release|Any CPU
		{E5678901-5678-901A-BCDE-F01234567892}.Release|x64.Build.0 = Release|Any CPU
		{E5678901-5678-901A-BCDE-F01234567892}.Release|x86.ActiveCfg = Release|Any CPU
		{E5678901-5678-901A-BCDE-F01234567892}.Release|x86.Build.0 = Release|Any CPU
		{F6789012-6789-012A-BCDE-F01234567893}.Debug|Any CPU.ActiveCfg = Debug|Any CPU
		{F6789012-6789-012A-BCDE-F01234567893}.Debug|Any CPU.Build.0 = Debug|Any CPU
		{F6789012-6789-012A-BCDE-F01234567893}.Debug|x64.ActiveCfg = Debug|Any CPU
		{F6789012-6789-012A-BCDE-F01234567893}.Debug|x64.Build.0 = Debug|Any CPU
		{F6789012-6789-012A-BCDE-F01234567893}.Debug|x86.ActiveCfg = Debug|Any CPU
		{F6789012-6789-012A-BCDE-F01234567893}.Debug|x86.Build.0 = Debug|Any CPU
		{F6789012-6789-012A-BCDE-F01234567893}.Release|Any CPU.ActiveCfg = Release|Any CPU
		{F6789012-6789-012A-BCDE-F01234567893}.Release|Any CPU.Build.0 = Release|Any CPU
		{F6789012-6789-012A-BCDE-F01234567893}.Release|x64.ActiveCfg = Release|Any CPU
		{F6789012-6789-012A-BCDE-F01234567893}.Release|x64.Build.0 = Release|Any CPU
		{F6789012-6789-012A-BCDE-F01234567893}.Release|x86.ActiveCfg = Release|Any CPU
		{F6789012-6789-012A-BCDE-F01234567893}.Release|x86.Build.0 = Release|Any CPU
		{07890123-7890-123A-BCDE-F01234567894}.Debug|Any CPU.ActiveCfg = Debug|Any CPU
		{07890123-7890-123A-BCDE-F01234567894}.Debug|Any CPU.Build.0 = Debug|Any CPU
		{07890123-7890-123A-BCDE-F01234567894}.Debug|x64.ActiveCfg = Debug|Any CPU
		{07890123-7890-123A-BCDE-F01234567894}.Debug|x64.Build.0 = Debug|Any CPU
		{07890123-7890-123A-BCDE-F01234567894}.Debug|x86.ActiveCfg = Debug|Any CPU
		{07890123-7890-123A-BCDE-F01234567894}.Debug|x86.Build.0 = Debug|Any CPU
		{07890123-7890-123A-BCDE-F01234567894}.Release|Any CPU.ActiveCfg = Release|Any CPU
		{07890123-7890-123A-BCDE-F01234567894}.Release|Any CPU.Build.0 = Release|Any CPU
		{07890123-7890-123A-BCDE-F01234567894}.Release|x64.ActiveCfg = Release|Any CPU
		{07890123-7890-123A-BCDE-F01234567894}.Release|x64.Build.0 = Release|Any CPU
		{07890123-7890-123A-BCDE-F01234567894}.Release|x86.ActiveCfg = Release|Any CPU
		{07890123-7890-123A-BCDE-F01234567894}.Release|x86.Build.0 = Release|Any CPU
		{B82F5924-979E-7007-2CC4-FFB60720A5A0}.Debug|Any CPU.ActiveCfg = Debug|Any CPU
		{B82F5924-979E-7007-2CC4-FFB60720A5A0}.Debug|Any CPU.Build.0 = Debug|Any CPU
		{B82F5924-979E-7007-2CC4-FFB60720A5A0}.Debug|x64.ActiveCfg = Debug|Any CPU
		{B82F5924-979E-7007-2CC4-FFB60720A5A0}.Debug|x64.Build.0 = Debug|Any CPU
		{B82F5924-979E-7007-2CC4-FFB60720A5A0}.Debug|x86.ActiveCfg = Debug|Any CPU
		{B82F5924-979E-7007-2CC4-FFB60720A5A0}.Debug|x86.Build.0 = Debug|Any CPU
		{B82F5924-979E-7007-2CC4-FFB60720A5A0}.Release|Any CPU.ActiveCfg = Release|Any CPU
		{B82F5924-979E-7007-2CC4-FFB60720A5A0}.Release|Any CPU.Build.0 = Release|Any CPU
		{B82F5924-979E-7007-2CC4-FFB60720A5A0}.Release|x64.ActiveCfg = Release|Any CPU
		{B82F5924-979E-7007-2CC4-FFB60720A5A0}.Release|x64.Build.0 = Release|Any CPU
		{B82F5924-979E-7007-2CC4-FFB60720A5A0}.Release|x86.ActiveCfg = Release|Any CPU
		{B82F5924-979E-7007-2CC4-FFB60720A5A0}.Release|x86.Build.0 = Release|Any CPU
		{3872287A-FC09-419F-8F94-E752AA063C33}.Debug|Any CPU.ActiveCfg = Debug|Any CPU
		{3872287A-FC09-419F-8F94-E752AA063C33}.Debug|Any CPU.Build.0 = Debug|Any CPU
		{3872287A-FC09-419F-8F94-E752AA063C33}.Debug|x64.ActiveCfg = Debug|Any CPU
		{3872287A-FC09-419F-8F94-E752AA063C33}.Debug|x64.Build.0 = Debug|Any CPU
		{3872287A-FC09-419F-8F94-E752AA063C33}.Debug|x86.ActiveCfg = Debug|Any CPU
		{3872287A-FC09-419F-8F94-E752AA063C33}.Debug|x86.Build.0 = Debug|Any CPU
		{3872287A-FC09-419F-8F94-E752AA063C33}.Release|Any CPU.ActiveCfg = Release|Any CPU
		{3872287A-FC09-419F-8F94-E752AA063C33}.Release|Any CPU.Build.0 = Release|Any CPU
		{3872287A-FC09-419F-8F94-E752AA063C33}.Release|x64.ActiveCfg = Release|Any CPU
		{3872287A-FC09-419F-8F94-E752AA063C33}.Release|x64.Build.0 = Release|Any CPU
		{3872287A-FC09-419F-8F94-E752AA063C33}.Release|x86.ActiveCfg = Release|Any CPU
		{3872287A-FC09-419F-8F94-E752AA063C33}.Release|x86.Build.0 = Release|Any CPU
		{E57F6FFF-C93C-43D8-A49D-D0998BC5F384}.Debug|Any CPU.ActiveCfg = Debug|Any CPU
		{E57F6FFF-C93C-43D8-A49D-D0998BC5F384}.Debug|Any CPU.Build.0 = Debug|Any CPU
		{E57F6FFF-C93C-43D8-A49D-D0998BC5F384}.Debug|x64.ActiveCfg = Debug|Any CPU
		{E57F6FFF-C93C-43D8-A49D-D0998BC5F384}.Debug|x64.Build.0 = Debug|Any CPU
		{E57F6FFF-C93C-43D8-A49D-D0998BC5F384}.Debug|x86.ActiveCfg = Debug|Any CPU
		{E57F6FFF-C93C-43D8-A49D-D0998BC5F384}.Debug|x86.Build.0 = Debug|Any CPU
		{E57F6FFF-C93C-43D8-A49D-D0998BC5F384}.Release|Any CPU.ActiveCfg = Release|Any CPU
		{E57F6FFF-C93C-43D8-A49D-D0998BC5F384}.Release|Any CPU.Build.0 = Release|Any CPU
		{E57F6FFF-C93C-43D8-A49D-D0998BC5F384}.Release|x64.ActiveCfg = Release|Any CPU
		{E57F6FFF-C93C-43D8-A49D-D0998BC5F384}.Release|x64.Build.0 = Release|Any CPU
		{E57F6FFF-C93C-43D8-A49D-D0998BC5F384}.Release|x86.ActiveCfg = Release|Any CPU
		{E57F6FFF-C93C-43D8-A49D-D0998BC5F384}.Release|x86.Build.0 = Release|Any CPU
		{196FFC50-A444-441D-B9E9-3AB05A22BC6A}.Debug|Any CPU.ActiveCfg = Debug|Any CPU
		{196FFC50-A444-441D-B9E9-3AB05A22BC6A}.Debug|Any CPU.Build.0 = Debug|Any CPU
		{196FFC50-A444-441D-B9E9-3AB05A22BC6A}.Debug|x64.ActiveCfg = Debug|Any CPU
		{196FFC50-A444-441D-B9E9-3AB05A22BC6A}.Debug|x64.Build.0 = Debug|Any CPU
		{196FFC50-A444-441D-B9E9-3AB05A22BC6A}.Debug|x86.ActiveCfg = Debug|Any CPU
		{196FFC50-A444-441D-B9E9-3AB05A22BC6A}.Debug|x86.Build.0 = Debug|Any CPU
		{196FFC50-A444-441D-B9E9-3AB05A22BC6A}.Release|Any CPU.ActiveCfg = Release|Any CPU
		{196FFC50-A444-441D-B9E9-3AB05A22BC6A}.Release|Any CPU.Build.0 = Release|Any CPU
		{196FFC50-A444-441D-B9E9-3AB05A22BC6A}.Release|x64.ActiveCfg = Release|Any CPU
		{196FFC50-A444-441D-B9E9-3AB05A22BC6A}.Release|x64.Build.0 = Release|Any CPU
		{196FFC50-A444-441D-B9E9-3AB05A22BC6A}.Release|x86.ActiveCfg = Release|Any CPU
		{196FFC50-A444-441D-B9E9-3AB05A22BC6A}.Release|x86.Build.0 = Release|Any CPU
		{C8446872-37E4-444E-89D4-660AD73D657B}.Debug|Any CPU.ActiveCfg = Debug|Any CPU
		{C8446872-37E4-444E-89D4-660AD73D657B}.Debug|Any CPU.Build.0 = Debug|Any CPU
		{C8446872-37E4-444E-89D4-660AD73D657B}.Debug|x64.ActiveCfg = Debug|Any CPU
		{C8446872-37E4-444E-89D4-660AD73D657B}.Debug|x64.Build.0 = Debug|Any CPU
		{C8446872-37E4-444E-89D4-660AD73D657B}.Debug|x86.ActiveCfg = Debug|Any CPU
		{C8446872-37E4-444E-89D4-660AD73D657B}.Debug|x86.Build.0 = Debug|Any CPU
		{C8446872-37E4-444E-89D4-660AD73D657B}.Release|Any CPU.ActiveCfg = Release|Any CPU
		{C8446872-37E4-444E-89D4-660AD73D657B}.Release|Any CPU.Build.0 = Release|Any CPU
		{C8446872-37E4-444E-89D4-660AD73D657B}.Release|x64.ActiveCfg = Release|Any CPU
		{C8446872-37E4-444E-89D4-660AD73D657B}.Release|x64.Build.0 = Release|Any CPU
		{C8446872-37E4-444E-89D4-660AD73D657B}.Release|x86.ActiveCfg = Release|Any CPU
		{C8446872-37E4-444E-89D4-660AD73D657B}.Release|x86.Build.0 = Release|Any CPU
		{F5C47040-36DC-4170-81FA-2D9F363EA9C0}.Debug|Any CPU.ActiveCfg = Debug|Any CPU
		{F5C47040-36DC-4170-81FA-2D9F363EA9C0}.Debug|Any CPU.Build.0 = Debug|Any CPU
		{F5C47040-36DC-4170-81FA-2D9F363EA9C0}.Debug|x64.ActiveCfg = Debug|Any CPU
		{F5C47040-36DC-4170-81FA-2D9F363EA9C0}.Debug|x64.Build.0 = Debug|Any CPU
		{F5C47040-36DC-4170-81FA-2D9F363EA9C0}.Debug|x86.ActiveCfg = Debug|Any CPU
		{F5C47040-36DC-4170-81FA-2D9F363EA9C0}.Debug|x86.Build.0 = Debug|Any CPU
		{F5C47040-36DC-4170-81FA-2D9F363EA9C0}.Release|Any CPU.ActiveCfg = Release|Any CPU
		{F5C47040-36DC-4170-81FA-2D9F363EA9C0}.Release|Any CPU.Build.0 = Release|Any CPU
		{F5C47040-36DC-4170-81FA-2D9F363EA9C0}.Release|x64.ActiveCfg = Release|Any CPU
		{F5C47040-36DC-4170-81FA-2D9F363EA9C0}.Release|x64.Build.0 = Release|Any CPU
		{F5C47040-36DC-4170-81FA-2D9F363EA9C0}.Release|x86.ActiveCfg = Release|Any CPU
		{F5C47040-36DC-4170-81FA-2D9F363EA9C0}.Release|x86.Build.0 = Release|Any CPU
		{1391A32E-F496-40E3-8E93-1825F001B358}.Debug|Any CPU.ActiveCfg = Debug|Any CPU
		{1391A32E-F496-40E3-8E93-1825F001B358}.Debug|Any CPU.Build.0 = Debug|Any CPU
		{1391A32E-F496-40E3-8E93-1825F001B358}.Debug|x64.ActiveCfg = Debug|Any CPU
		{1391A32E-F496-40E3-8E93-1825F001B358}.Debug|x64.Build.0 = Debug|Any CPU
		{1391A32E-F496-40E3-8E93-1825F001B358}.Debug|x86.ActiveCfg = Debug|Any CPU
		{1391A32E-F496-40E3-8E93-1825F001B358}.Debug|x86.Build.0 = Debug|Any CPU
		{1391A32E-F496-40E3-8E93-1825F001B358}.Release|Any CPU.ActiveCfg = Release|Any CPU
		{1391A32E-F496-40E3-8E93-1825F001B358}.Release|Any CPU.Build.0 = Release|Any CPU
		{1391A32E-F496-40E3-8E93-1825F001B358}.Release|x64.ActiveCfg = Release|Any CPU
		{1391A32E-F496-40E3-8E93-1825F001B358}.Release|x64.Build.0 = Release|Any CPU
		{1391A32E-F496-40E3-8E93-1825F001B358}.Release|x86.ActiveCfg = Release|Any CPU
		{1391A32E-F496-40E3-8E93-1825F001B358}.Release|x86.Build.0 = Release|Any CPU
		{9D5CD1F3-5D17-44F1-B097-88BF9F48D896}.Debug|Any CPU.ActiveCfg = Debug|Any CPU
		{9D5CD1F3-5D17-44F1-B097-88BF9F48D896}.Debug|Any CPU.Build.0 = Debug|Any CPU
		{9D5CD1F3-5D17-44F1-B097-88BF9F48D896}.Debug|x64.ActiveCfg = Debug|Any CPU
		{9D5CD1F3-5D17-44F1-B097-88BF9F48D896}.Debug|x64.Build.0 = Debug|Any CPU
		{9D5CD1F3-5D17-44F1-B097-88BF9F48D896}.Debug|x86.ActiveCfg = Debug|Any CPU
		{9D5CD1F3-5D17-44F1-B097-88BF9F48D896}.Debug|x86.Build.0 = Debug|Any CPU
		{9D5CD1F3-5D17-44F1-B097-88BF9F48D896}.Release|Any CPU.ActiveCfg = Release|Any CPU
		{9D5CD1F3-5D17-44F1-B097-88BF9F48D896}.Release|Any CPU.Build.0 = Release|Any CPU
		{9D5CD1F3-5D17-44F1-B097-88BF9F48D896}.Release|x64.ActiveCfg = Release|Any CPU
		{9D5CD1F3-5D17-44F1-B097-88BF9F48D896}.Release|x64.Build.0 = Release|Any CPU
		{9D5CD1F3-5D17-44F1-B097-88BF9F48D896}.Release|x86.ActiveCfg = Release|Any CPU
		{9D5CD1F3-5D17-44F1-B097-88BF9F48D896}.Release|x86.Build.0 = Release|Any CPU
		{B647E1EA-AA43-419A-AFF1-606D8D0308AB}.Debug|Any CPU.ActiveCfg = Debug|Any CPU
		{B647E1EA-AA43-419A-AFF1-606D8D0308AB}.Debug|Any CPU.Build.0 = Debug|Any CPU
		{B647E1EA-AA43-419A-AFF1-606D8D0308AB}.Debug|x64.ActiveCfg = Debug|Any CPU
		{B647E1EA-AA43-419A-AFF1-606D8D0308AB}.Debug|x64.Build.0 = Debug|Any CPU
		{B647E1EA-AA43-419A-AFF1-606D8D0308AB}.Debug|x86.ActiveCfg = Debug|Any CPU
		{B647E1EA-AA43-419A-AFF1-606D8D0308AB}.Debug|x86.Build.0 = Debug|Any CPU
		{B647E1EA-AA43-419A-AFF1-606D8D0308AB}.Release|Any CPU.ActiveCfg = Release|Any CPU
		{B647E1EA-AA43-419A-AFF1-606D8D0308AB}.Release|Any CPU.Build.0 = Release|Any CPU
		{B647E1EA-AA43-419A-AFF1-606D8D0308AB}.Release|x64.ActiveCfg = Release|Any CPU
		{B647E1EA-AA43-419A-AFF1-606D8D0308AB}.Release|x64.Build.0 = Release|Any CPU
		{B647E1EA-AA43-419A-AFF1-606D8D0308AB}.Release|x86.ActiveCfg = Release|Any CPU
		{B647E1EA-AA43-419A-AFF1-606D8D0308AB}.Release|x86.Build.0 = Release|Any CPU
		{A7C3BE0A-ED0B-465A-9ED2-99FBDB791A44}.Debug|Any CPU.ActiveCfg = Debug|Any CPU
		{A7C3BE0A-ED0B-465A-9ED2-99FBDB791A44}.Debug|Any CPU.Build.0 = Debug|Any CPU
		{A7C3BE0A-ED0B-465A-9ED2-99FBDB791A44}.Debug|x64.ActiveCfg = Debug|Any CPU
		{A7C3BE0A-ED0B-465A-9ED2-99FBDB791A44}.Debug|x64.Build.0 = Debug|Any CPU
		{A7C3BE0A-ED0B-465A-9ED2-99FBDB791A44}.Debug|x86.ActiveCfg = Debug|Any CPU
		{A7C3BE0A-ED0B-465A-9ED2-99FBDB791A44}.Debug|x86.Build.0 = Debug|Any CPU
		{A7C3BE0A-ED0B-465A-9ED2-99FBDB791A44}.Release|Any CPU.ActiveCfg = Release|Any CPU
		{A7C3BE0A-ED0B-465A-9ED2-99FBDB791A44}.Release|Any CPU.Build.0 = Release|Any CPU
		{A7C3BE0A-ED0B-465A-9ED2-99FBDB791A44}.Release|x64.ActiveCfg = Release|Any CPU
		{A7C3BE0A-ED0B-465A-9ED2-99FBDB791A44}.Release|x64.Build.0 = Release|Any CPU
		{A7C3BE0A-ED0B-465A-9ED2-99FBDB791A44}.Release|x86.ActiveCfg = Release|Any CPU
		{A7C3BE0A-ED0B-465A-9ED2-99FBDB791A44}.Release|x86.Build.0 = Release|Any CPU
		{3ECEE969-A703-44C7-A084-AA685991A454}.Debug|Any CPU.ActiveCfg = Debug|Any CPU
		{3ECEE969-A703-44C7-A084-AA685991A454}.Debug|Any CPU.Build.0 = Debug|Any CPU
		{3ECEE969-A703-44C7-A084-AA685991A454}.Debug|x64.ActiveCfg = Debug|Any CPU
		{3ECEE969-A703-44C7-A084-AA685991A454}.Debug|x64.Build.0 = Debug|Any CPU
		{3ECEE969-A703-44C7-A084-AA685991A454}.Debug|x86.ActiveCfg = Debug|Any CPU
		{3ECEE969-A703-44C7-A084-AA685991A454}.Debug|x86.Build.0 = Debug|Any CPU
		{3ECEE969-A703-44C7-A084-AA685991A454}.Release|Any CPU.ActiveCfg = Release|Any CPU
		{3ECEE969-A703-44C7-A084-AA685991A454}.Release|Any CPU.Build.0 = Release|Any CPU
		{3ECEE969-A703-44C7-A084-AA685991A454}.Release|x64.ActiveCfg = Release|Any CPU
		{3ECEE969-A703-44C7-A084-AA685991A454}.Release|x64.Build.0 = Release|Any CPU
		{3ECEE969-A703-44C7-A084-AA685991A454}.Release|x86.ActiveCfg = Release|Any CPU
		{3ECEE969-A703-44C7-A084-AA685991A454}.Release|x86.Build.0 = Release|Any CPU
	EndGlobalSection
	GlobalSection(SolutionProperties) = preSolution
		HideSolutionNode = FALSE
	EndGlobalSection
	GlobalSection(NestedProjects) = preSolution
		{12E48302-6991-4257-9649-7EBE5025444F} = {1A2B3C4D-5E6F-7890-AB12-CD34EF567890}
		{6E6C9D00-1F49-41F2-BE4C-BF23F509E06E} = {1A2B3C4D-5E6F-7890-AB12-CD34EF567890}
		{A1B2C3D4-E5F6-7890-ABCD-EF1234567890} = {1A2B3C4D-5E6F-7890-AB12-CD34EF567890}
		{B2C3D4E5-F6A7-8901-BCDE-F23456789012} = {1A2B3C4D-5E6F-7890-AB12-CD34EF567890}
		{C3D4E5F6-A7B8-9012-CDEF-345678901234} = {1A2B3C4D-5E6F-7890-AB12-CD34EF567890}
		{D4E5F6A7-B8C9-0123-DEF0-456789ABCDEF} = {2B3C4D5E-6F78-90AB-12CD-34EF56789012}
		{076B29CF-41EC-45D1-A242-DACF6753FCCC} = {2B3C4D5E-6F78-90AB-12CD-34EF56789012}
		{9546517F-92D0-FF56-3E5B-97099F8B46A3} = {2B3C4D5E-6F78-90AB-12CD-34EF56789012}
		{8BB24B23-B834-E1DF-3CB4-C6E497C199A2} = {1A2B3C4D-5E6F-7890-AB12-CD34EF567890}
		{6E53C842-1487-48BA-DA55-E26E8A04FBD1} = {1A2B3C4D-5E6F-7890-AB12-CD34EF567890}
		{4EC33CA3-51EA-2490-ABAC-FC047924346A} = {3C4D5E6F-7890-AB12-CD34-EF5678901234}
		{65AC57AC-E65A-94EE-9E3E-E4916798798A} = {3C4D5E6F-7890-AB12-CD34-EF5678901234}
		{5414DDD0-A423-2405-AB2A-739BAA0FAF68} = {3C4D5E6F-7890-AB12-CD34-EF5678901234}
		{1BC0C4C8-6550-7A4C-B64B-FBE8D37E5CDD} = {3C4D5E6F-7890-AB12-CD34-EF5678901234}
		{F445A252-E53E-3CB1-1FD9-4215FF282CF2} = {2B3C4D5E-6F78-90AB-12CD-34EF56789012}
		{E0212538-7B84-9078-9FC7-917F0F04F046} = {3C4D5E6F-7890-AB12-CD34-EF5678901234}
		{23F824BD-2859-D71B-12CD-D29A80E5B830} = {2B3C4D5E-6F78-90AB-12CD-34EF56789012}
		{C4512316-AB53-A08C-F7AE-23627E1FF767} = {02EA681E-C7D8-13C7-8484-4AC65E1B71E8}
		{56719626-081D-B90D-E73D-FAEA8696A1F4} = {4D5E6F78-90AB-12CD-34EF-567890123456}
		{5934D5D6-CD8E-EC2D-94B4-56C40C836001} = {02EA681E-C7D8-13C7-8484-4AC65E1B71E8}
		{DDAFD6AB-A3CA-7265-5891-DA22C27707A0} = {4D5E6F78-90AB-12CD-34EF-567890123456}
		{A1234567-1234-5678-9ABC-DEF012345678} = {4D5E6F78-90AB-12CD-34EF-567890123456}
		{B2345678-2345-6789-ABCD-EF0123456789} = {4D5E6F78-90AB-12CD-34EF-567890123456}
		{C3456789-3456-789A-BCDE-F01234567890} = {4D5E6F78-90AB-12CD-34EF-567890123456}
		{D4567890-4567-890A-BCDE-F01234567891} = {4D5E6F78-90AB-12CD-34EF-567890123456}
		{E5678901-5678-901A-BCDE-F01234567892} = {4D5E6F78-90AB-12CD-34EF-567890123456}
		{F6789012-6789-012A-BCDE-F01234567893} = {4D5E6F78-90AB-12CD-34EF-567890123456}
		{07890123-7890-123A-BCDE-F01234567894} = {4D5E6F78-90AB-12CD-34EF-567890123456}
		{B82F5924-979E-7007-2CC4-FFB60720A5A0} = {3C4D5E6F-7890-AB12-CD34-EF5678901234}
		{3872287A-FC09-419F-8F94-E752AA063C33} = {02EA681E-C7D8-13C7-8484-4AC65E1B71E8}
		{E57F6FFF-C93C-43D8-A49D-D0998BC5F384} = {02EA681E-C7D8-13C7-8484-4AC65E1B71E8}
		{196FFC50-A444-441D-B9E9-3AB05A22BC6A} = {02EA681E-C7D8-13C7-8484-4AC65E1B71E8}
		{C8446872-37E4-444E-89D4-660AD73D657B} = {4D5E6F78-90AB-12CD-34EF-567890123456}
		{F5C47040-36DC-4170-81FA-2D9F363EA9C0} = {4D5E6F78-90AB-12CD-34EF-567890123456}
		{1391A32E-F496-40E3-8E93-1825F001B358} = {4D5E6F78-90AB-12CD-34EF-567890123456}
		{9D5CD1F3-5D17-44F1-B097-88BF9F48D896} = {02EA681E-C7D8-13C7-8484-4AC65E1B71E8}
		{B647E1EA-AA43-419A-AFF1-606D8D0308AB} = {2B3C4D5E-6F78-90AB-12CD-34EF56789012}
		{A7C3BE0A-ED0B-465A-9ED2-99FBDB791A44} = {3C4D5E6F-7890-AB12-CD34-EF5678901234}
		{3ECEE969-A703-44C7-A084-AA685991A454} = {4D5E6F78-90AB-12CD-34EF-567890123456}
	EndGlobalSection
	GlobalSection(ExtensibilityGlobals) = postSolution
		SolutionGuid = {5E6F7890-AB12-CD34-EF56-789012345678}
	EndGlobalSection
EndGlobal
